
Microsoft Visual Studio Solution File, Format Version 12.00
# Visual Studio Version 17
VisualStudioVersion = 17.14.36414.22
MinimumVisualStudioVersion = 10.0.40219.1
Project("{FAE04EC0-301F-11D3-BF4B-00C04F79EFBC}") = "HW1_02_12", "HW1_02_12\HW1_02_12.csproj", "{C5C1CD92-24DC-4532-BD9A-58D4FD4B5EAA}"
EndProject
Project("{2150E333-8FDC-42A3-9474-1A3956D46DE8}") = "Solution Items", "Solution Items", "{8EC462FD-D22E-90A8-E5CE-7E832BA40C5D}"
	ProjectSection(SolutionItems) = preProject
		.gitignore = .gitignore
	EndProjectSection
EndProject
Project("{FAE04EC0-301F-11D3-BF4B-00C04F79EFBC}") = "HW2_03_12", "HW2_03_12\HW2_03_12.csproj", "{DAC2CEB6-6846-4817-887D-A3672C298E39}"
EndProject
Project("{FAE04EC0-301F-11D3-BF4B-00C04F79EFBC}") = "HW3_06_12", "HW3_06_12\HW3_06_12.csproj", "{D831BEBA-DE0C-4BF2-854B-6B756CDFDB81}"
EndProject
Project("{FAE04EC0-301F-11D3-BF4B-00C04F79EFBC}") = "HW4_09_12", "HW4_09_12\HW4_09_12.csproj", "{99BA7E34-BBDB-4B73-A89C-E408AB2F06A0}"
EndProject
Project("{FAE04EC0-301F-11D3-BF4B-00C04F79EFBC}") = "HW5_13_12", "HW5_13_12\HW5_13_12.csproj", "{B12CC72A-F187-4334-BFCF-2E4CCA0556AD}"
EndProject
Project("{FAE04EC0-301F-11D3-BF4B-00C04F79EFBC}") = "HW6_16_12", "HW6_16_12\HW6_16_12.csproj", "{96CB25FD-8634-425E-81F6-3524BD9F24FD}"
EndProject
Project("{FAE04EC0-301F-11D3-BF4B-00C04F79EFBC}") = "HW7_20_12", "HW7_20_12\HW7_20_12.csproj", "{9EC0B5F0-91D4-42F5-A7BE-622396EC9DAE}"
EndProject
Project("{FAE04EC0-301F-11D3-BF4B-00C04F79EFBC}") = "HW8_26_12", "HW8_26_12\HW8_26_12.csproj", "{448443A9-FE8E-4A1B-A0D9-B4A65851A036}"
EndProject
Project("{FAE04EC0-301F-11D3-BF4B-00C04F79EFBC}") = "HW9", "HW9\HW9.csproj", "{ACF54593-8605-46A9-AB8B-6AAA4C3A7D49}"
EndProject
Project("{FAE04EC0-301F-11D3-BF4B-00C04F79EFBC}") = "HW10", "HW10\HW10.csproj", "{E1CD5C88-069A-4C2F-9163-073A27BF4925}"
EndProject
Project("{FAE04EC0-301F-11D3-BF4B-00C04F79EFBC}") = "HW11", "HW11\HW11.csproj", "{730E970A-5387-418B-BFC7-04A5891F9057}"
EndProject
Project("{FAE04EC0-301F-11D3-BF4B-00C04F79EFBC}") = "HW12", "HW12\HW12.csproj", "{132CD525-5FF3-4359-8D56-A5750ED75CB7}"
EndProject
Project("{FAE04EC0-301F-11D3-BF4B-00C04F79EFBC}") = "HW13", "HW13\HW13.csproj", "{36E63A1E-B4C5-4696-92FE-3A1C915CAF40}"
EndProject
Project("{FAE04EC0-301F-11D3-BF4B-00C04F79EFBC}") = "HW14", "HW14\HW14.csproj", "{7E0348F7-B87B-4EA0-BFBE-367130976577}"
EndProject
Project("{FAE04EC0-301F-11D3-BF4B-00C04F79EFBC}") = "HW15", "HW15\HW15.csproj", "{D4D0B548-730D-41E4-9620-164B4DD22D89}"
EndProject
Global
	GlobalSection(SolutionConfigurationPlatforms) = preSolution
		Debug|Any CPU = Debug|Any CPU
		Release|Any CPU = Release|Any CPU
	EndGlobalSection
	GlobalSection(ProjectConfigurationPlatforms) = postSolution
		{C5C1CD92-24DC-4532-BD9A-58D4FD4B5EAA}.Debug|Any CPU.ActiveCfg = Debug|Any CPU
		{C5C1CD92-24DC-4532-BD9A-58D4FD4B5EAA}.Debug|Any CPU.Build.0 = Debug|Any CPU
		{C5C1CD92-24DC-4532-BD9A-58D4FD4B5EAA}.Release|Any CPU.ActiveCfg = Release|Any CPU
		{C5C1CD92-24DC-4532-BD9A-58D4FD4B5EAA}.Release|Any CPU.Build.0 = Release|Any CPU
		{DAC2CEB6-6846-4817-887D-A3672C298E39}.Debug|Any CPU.ActiveCfg = Debug|Any CPU
		{DAC2CEB6-6846-4817-887D-A3672C298E39}.Debug|Any CPU.Build.0 = Debug|Any CPU
		{DAC2CEB6-6846-4817-887D-A3672C298E39}.Release|Any CPU.ActiveCfg = Release|Any CPU
		{DAC2CEB6-6846-4817-887D-A3672C298E39}.Release|Any CPU.Build.0 = Release|Any CPU
		{D831BEBA-DE0C-4BF2-854B-6B756CDFDB81}.Debug|Any CPU.ActiveCfg = Debug|Any CPU
		{D831BEBA-DE0C-4BF2-854B-6B756CDFDB81}.Debug|Any CPU.Build.0 = Debug|Any CPU
		{D831BEBA-DE0C-4BF2-854B-6B756CDFDB81}.Release|Any CPU.ActiveCfg = Release|Any CPU
		{D831BEBA-DE0C-4BF2-854B-6B756CDFDB81}.Release|Any CPU.Build.0 = Release|Any CPU
		{99BA7E34-BBDB-4B73-A89C-E408AB2F06A0}.Debug|Any CPU.ActiveCfg = Debug|Any CPU
		{99BA7E34-BBDB-4B73-A89C-E408AB2F06A0}.Debug|Any CPU.Build.0 = Debug|Any CPU
		{99BA7E34-BBDB-4B73-A89C-E408AB2F06A0}.Release|Any CPU.ActiveCfg = Release|Any CPU
		{99BA7E34-BBDB-4B73-A89C-E408AB2F06A0}.Release|Any CPU.Build.0 = Release|Any CPU
		{B12CC72A-F187-4334-BFCF-2E4CCA0556AD}.Debug|Any CPU.ActiveCfg = Debug|Any CPU
		{B12CC72A-F187-4334-BFCF-2E4CCA0556AD}.Debug|Any CPU.Build.0 = Debug|Any CPU
		{B12CC72A-F187-4334-BFCF-2E4CCA0556AD}.Release|Any CPU.ActiveCfg = Release|Any CPU
		{B12CC72A-F187-4334-BFCF-2E4CCA0556AD}.Release|Any CPU.Build.0 = Release|Any CPU
		{96CB25FD-8634-425E-81F6-3524BD9F24FD}.Debug|Any CPU.ActiveCfg = Debug|Any CPU
		{96CB25FD-8634-425E-81F6-3524BD9F24FD}.Debug|Any CPU.Build.0 = Debug|Any CPU
		{96CB25FD-8634-425E-81F6-3524BD9F24FD}.Release|Any CPU.ActiveCfg = Release|Any CPU
		{96CB25FD-8634-425E-81F6-3524BD9F24FD}.Release|Any CPU.Build.0 = Release|Any CPU
		{9EC0B5F0-91D4-42F5-A7BE-622396EC9DAE}.Debug|Any CPU.ActiveCfg = Debug|Any CPU
		{9EC0B5F0-91D4-42F5-A7BE-622396EC9DAE}.Debug|Any CPU.Build.0 = Debug|Any CPU
		{9EC0B5F0-91D4-42F5-A7BE-622396EC9DAE}.Release|Any CPU.ActiveCfg = Release|Any CPU
		{9EC0B5F0-91D4-42F5-A7BE-622396EC9DAE}.Release|Any CPU.Build.0 = Release|Any CPU
		{448443A9-FE8E-4A1B-A0D9-B4A65851A036}.Debug|Any CPU.ActiveCfg = Debug|Any CPU
		{448443A9-FE8E-4A1B-A0D9-B4A65851A036}.Debug|Any CPU.Build.0 = Debug|Any CPU
		{448443A9-FE8E-4A1B-A0D9-B4A65851A036}.Release|Any CPU.ActiveCfg = Release|Any CPU
		{448443A9-FE8E-4A1B-A0D9-B4A65851A036}.Release|Any CPU.Build.0 = Release|Any CPU
		{ACF54593-8605-46A9-AB8B-6AAA4C3A7D49}.Debug|Any CPU.ActiveCfg = Debug|Any CPU
		{ACF54593-8605-46A9-AB8B-6AAA4C3A7D49}.Debug|Any CPU.Build.0 = Debug|Any CPU
		{ACF54593-8605-46A9-AB8B-6AAA4C3A7D49}.Release|Any CPU.ActiveCfg = Release|Any CPU
		{ACF54593-8605-46A9-AB8B-6AAA4C3A7D49}.Release|Any CPU.Build.0 = Release|Any CPU
		{E1CD5C88-069A-4C2F-9163-073A27BF4925}.Debug|Any CPU.ActiveCfg = Debug|Any CPU
		{E1CD5C88-069A-4C2F-9163-073A27BF4925}.Debug|Any CPU.Build.0 = Debug|Any CPU
		{E1CD5C88-069A-4C2F-9163-073A27BF4925}.Release|Any CPU.ActiveCfg = Release|Any CPU
		{E1CD5C88-069A-4C2F-9163-073A27BF4925}.Release|Any CPU.Build.0 = Release|Any CPU
		{730E970A-5387-418B-BFC7-04A5891F9057}.Debug|Any CPU.ActiveCfg = Debug|Any CPU
		{730E970A-5387-418B-BFC7-04A5891F9057}.Debug|Any CPU.Build.0 = Debug|Any CPU
		{730E970A-5387-418B-BFC7-04A5891F9057}.Release|Any CPU.ActiveCfg = Release|Any CPU
		{730E970A-5387-418B-BFC7-04A5891F9057}.Release|Any CPU.Build.0 = Release|Any CPU
		{132CD525-5FF3-4359-8D56-A5750ED75CB7}.Debug|Any CPU.ActiveCfg = Debug|Any CPU
		{132CD525-5FF3-4359-8D56-A5750ED75CB7}.Debug|Any CPU.Build.0 = Debug|Any CPU
		{132CD525-5FF3-4359-8D56-A5750ED75CB7}.Release|Any CPU.ActiveCfg = Release|Any CPU
		{132CD525-5FF3-4359-8D56-A5750ED75CB7}.Release|Any CPU.Build.0 = Release|Any CPU
		{36E63A1E-B4C5-4696-92FE-3A1C915CAF40}.Debug|Any CPU.ActiveCfg = Debug|Any CPU
		{36E63A1E-B4C5-4696-92FE-3A1C915CAF40}.Debug|Any CPU.Build.0 = Debug|Any CPU
		{36E63A1E-B4C5-4696-92FE-3A1C915CAF40}.Release|Any CPU.ActiveCfg = Release|Any CPU
		{36E63A1E-B4C5-4696-92FE-3A1C915CAF40}.Release|Any CPU.Build.0 = Release|Any CPU
		{7E0348F7-B87B-4EA0-BFBE-367130976577}.Debug|Any CPU.ActiveCfg = Debug|Any CPU
		{7E0348F7-B87B-4EA0-BFBE-367130976577}.Debug|Any CPU.Build.0 = Debug|Any CPU
		{7E0348F7-B87B-4EA0-BFBE-367130976577}.Release|Any CPU.ActiveCfg = Release|Any CPU
		{7E0348F7-B87B-4EA0-BFBE-367130976577}.Release|Any CPU.Build.0 = Release|Any CPU
		{D4D0B548-730D-41E4-9620-164B4DD22D89}.Debug|Any CPU.ActiveCfg = Debug|Any CPU
		{D4D0B548-730D-41E4-9620-164B4DD22D89}.Debug|Any CPU.Build.0 = Debug|Any CPU
		{D4D0B548-730D-41E4-9620-164B4DD22D89}.Release|Any CPU.ActiveCfg = Release|Any CPU
		{D4D0B548-730D-41E4-9620-164B4DD22D89}.Release|Any CPU.Build.0 = Release|Any CPU
	EndGlobalSection
	GlobalSection(SolutionProperties) = preSolution
		HideSolutionNode = FALSE
	EndGlobalSection
	GlobalSection(ExtensibilityGlobals) = postSolution
		SolutionGuid = {F73F138D-0FAD-4F36-B5EC-D560536FF082}
	EndGlobalSection
EndGlobal
