
Microsoft Visual Studio Solution File, Format Version 12.00
# Visual Studio Version 17
VisualStudioVersion = 17.14.36414.22 d17.14
MinimumVisualStudioVersion = 10.0.40219.1
Project("{FAE04EC0-301F-11D3-BF4B-00C04F79EFBC}") = "HW1_02_12", "HW1_02_12\HW1_02_12.csproj", "{C5C1CD92-24DC-4532-BD9A-58D4FD4B5EAA}"
EndProject
Project("{2150E333-8FDC-42A3-9474-1A3956D46DE8}") = "Solution Items", "Solution Items", "{8EC462FD-D22E-90A8-E5CE-7E832BA40C5D}"
	ProjectSection(SolutionItems) = preProject
		.gitignore = .gitignore
	EndProjectSection
EndProject
Global
	GlobalSection(SolutionConfigurationPlatforms) = preSolution
		Debug|Any CPU = Debug|Any CPU
		Release|Any CPU = Release|Any CPU
	EndGlobalSection
	GlobalSection(ProjectConfigurationPlatforms) = postSolution
		{C5C1CD92-24DC-4532-BD9A-58D4FD4B5EAA}.Debug|Any CPU.ActiveCfg = Debug|Any CPU
		{C5C1CD92-24DC-4532-BD9A-58D4FD4B5EAA}.Debug|Any CPU.Build.0 = Debug|Any CPU
		{C5C1CD92-24DC-4532-BD9A-58D4FD4B5EAA}.Release|Any CPU.ActiveCfg = Release|Any CPU
		{C5C1CD92-24DC-4532-BD9A-58D4FD4B5EAA}.Release|Any CPU.Build.0 = Release|Any CPU
	EndGlobalSection
	GlobalSection(SolutionProperties) = preSolution
		HideSolutionNode = FALSE
	EndGlobalSection
	GlobalSection(ExtensibilityGlobals) = postSolution
		SolutionGuid = {F73F138D-0FAD-4F36-B5EC-D560536FF082}
	EndGlobalSection
EndGlobal
